{
  "name": "afri-auth-website",
  "version": "1.0.0",
  "lockfileVersion": 3,
  "requires": true,
  "packages": {
    "": {
      "name": "afri-auth-website",
      "version": "1.0.0",
      "dependencies": {
        "@sveltejs/kit": "^2.21.1"
      }
    },
    "node_modules/@sveltejs/kit": {
      "version": "2.21.1", 
    }
  }
}
